
Microsoft Visual Studio Solution File, Format Version 12.00
# Visual Studio Version 17
VisualStudioVersion = 17.3.32922.545
MinimumVisualStudioVersion = 10.0.40219.1
Project("{FAE04EC0-301F-11D3-BF4B-00C04F79EFBC}") = "aplikacjaoop", "aplikacjaoop\aplikacjaoop.csproj", "{9EC5214F-63E1-4407-9031-18FA8192D6D8}"
EndProject
Global
	GlobalSection(SolutionConfigurationPlatforms) = preSolution
		Debug|Any CPU = Debug|Any CPU
		Release|Any CPU = Release|Any CPU
	EndGlobalSection
	GlobalSection(ProjectConfigurationPlatforms) = postSolution
		{9EC5214F-63E1-4407-9031-18FA8192D6D8}.Debug|Any CPU.ActiveCfg = Debug|Any CPU
		{9EC5214F-63E1-4407-9031-18FA8192D6D8}.Debug|Any CPU.Build.0 = Debug|Any CPU
		{9EC5214F-63E1-4407-9031-18FA8192D6D8}.Release|Any CPU.ActiveCfg = Release|Any CPU
		{9EC5214F-63E1-4407-9031-18FA8192D6D8}.Release|Any CPU.Build.0 = Release|Any CPU
	EndGlobalSection
	GlobalSection(SolutionProperties) = preSolution
		HideSolutionNode = FALSE
	EndGlobalSection
	GlobalSection(ExtensibilityGlobals) = postSolution
		SolutionGuid = {747A37C0-939F-4E73-91F3-67ED7E446251}
	EndGlobalSection
EndGlobal
